
Microsoft Visual Studio Solution File, Format Version 12.00
# Visual Studio 14
VisualStudioVersion = 14.0.25123.0
MinimumVisualStudioVersion = 10.0.40219.1
Project("{30BBD066-731A-4FEB-BB89-40A9CA4CAD6E}") = "Sitecore.Support.121158", "Sitecore.Support.121158\Sitecore.Support.121158.csproj", "{0BE8E658-578A-4749-BA98-3A7DD7C10CAE}"
EndProject
Global
	GlobalSection(SolutionConfigurationPlatforms) = preSolution
		Debug|Any CPU = Debug|Any CPU
		Release|Any CPU = Release|Any CPU
	EndGlobalSection
	GlobalSection(ProjectConfigurationPlatforms) = postSolution
		{0BE8E658-578A-4749-BA98-3A7DD7C10CAE}.Debug|Any CPU.ActiveCfg = Debug|Any CPU
		{0BE8E658-578A-4749-BA98-3A7DD7C10CAE}.Debug|Any CPU.Build.0 = Debug|Any CPU
		{0BE8E658-578A-4749-BA98-3A7DD7C10CAE}.Release|Any CPU.ActiveCfg = Release|Any CPU
		{0BE8E658-578A-4749-BA98-3A7DD7C10CAE}.Release|Any CPU.Build.0 = Release|Any CPU
	EndGlobalSection
	GlobalSection(SolutionProperties) = preSolution
		HideSolutionNode = FALSE
	EndGlobalSection
EndGlobal
